
Microsoft Visual Studio Solution File, Format Version 12.00
# Visual Studio Version 18
VisualStudioVersion = 18.7.12002.237
MinimumVisualStudioVersion = 10.0.40219.1
Project("{FAE04EC0-301F-11D3-BF4B-00C04F79EFBC}") = "SURIMI-fisheries-authority", "SURIMI-fisheries-authority\SURIMI-fisheries-authority.csproj", "{62DBB7A8-7313-4265-8DCD-C731DB4B3D07}"
EndProject
Project("{2150E333-8FDC-42A3-9474-1A3956D46DE8}") = "Solution items", "Solution items", "{02EA681E-C7D8-13C7-8484-4AC65E1B71E8}"
	ProjectSection(SolutionItems) = preProject
		.gitignore = .gitignore
		fisheries-authority_architecture.md = fisheries-authority_architecture.md
		HarvestControlRule.png = HarvestControlRule.png
		LICENSE.txt = LICENSE.txt
		NuGet.config = NuGet.config
		README.md = README.md
	EndProjectSection
EndProject
Project("{FAE04EC0-301F-11D3-BF4B-00C04F79EFBC}") = "SURIMI-fisheries-authority.Tests", "SURIMI-fisheries-authority.Tests\SURIMI-fisheries-authority.Tests.csproj", "{DB39DEC9-0DE2-4FA5-A242-4D54854B22AF}"
EndProject
Global
	GlobalSection(SolutionConfigurationPlatforms) = preSolution
		Debug|Any CPU = Debug|Any CPU
		Debug|x64 = Debug|x64
		Debug|x86 = Debug|x86
		Release|Any CPU = Release|Any CPU
		Release|x64 = Release|x64
		Release|x86 = Release|x86
	EndGlobalSection
	GlobalSection(ProjectConfigurationPlatforms) = postSolution
		{62DBB7A8-7313-4265-8DCD-C731DB4B3D07}.Debug|Any CPU.ActiveCfg = Debug|Any CPU
		{62DBB7A8-7313-4265-8DCD-C731DB4B3D07}.Debug|Any CPU.Build.0 = Debug|Any CPU
		{62DBB7A8-7313-4265-8DCD-C731DB4B3D07}.Debug|x64.ActiveCfg = Debug|Any CPU
		{62DBB7A8-7313-4265-8DCD-C731DB4B3D07}.Debug|x64.Build.0 = Debug|Any CPU
		{62DBB7A8-7313-4265-8DCD-C731DB4B3D07}.Debug|x86.ActiveCfg = Debug|Any CPU
		{62DBB7A8-7313-4265-8DCD-C731DB4B3D07}.Debug|x86.Build.0 = Debug|Any CPU
		{62DBB7A8-7313-4265-8DCD-C731DB4B3D07}.Release|Any CPU.ActiveCfg = Release|Any CPU
		{62DBB7A8-7313-4265-8DCD-C731DB4B3D07}.Release|Any CPU.Build.0 = Release|Any CPU
		{62DBB7A8-7313-4265-8DCD-C731DB4B3D07}.Release|x64.ActiveCfg = Release|Any CPU
		{62DBB7A8-7313-4265-8DCD-C731DB4B3D07}.Release|x64.Build.0 = Release|Any CPU
		{62DBB7A8-7313-4265-8DCD-C731DB4B3D07}.Release|x86.ActiveCfg = Release|Any CPU
		{62DBB7A8-7313-4265-8DCD-C731DB4B3D07}.Release|x86.Build.0 = Release|Any CPU
		{DB39DEC9-0DE2-4FA5-A242-4D54854B22AF}.Debug|Any CPU.ActiveCfg = Debug|Any CPU
		{DB39DEC9-0DE2-4FA5-A242-4D54854B22AF}.Debug|Any CPU.Build.0 = Debug|Any CPU
		{DB39DEC9-0DE2-4FA5-A242-4D54854B22AF}.Debug|x64.ActiveCfg = Debug|Any CPU
		{DB39DEC9-0DE2-4FA5-A242-4D54854B22AF}.Debug|x64.Build.0 = Debug|Any CPU
		{DB39DEC9-0DE2-4FA5-A242-4D54854B22AF}.Debug|x86.ActiveCfg = Debug|Any CPU
		{DB39DEC9-0DE2-4FA5-A242-4D54854B22AF}.Debug|x86.Build.0 = Debug|Any CPU
		{DB39DEC9-0DE2-4FA5-A242-4D54854B22AF}.Release|Any CPU.ActiveCfg = Release|Any CPU
		{DB39DEC9-0DE2-4FA5-A242-4D54854B22AF}.Release|Any CPU.Build.0 = Release|Any CPU
		{DB39DEC9-0DE2-4FA5-A242-4D54854B22AF}.Release|x64.ActiveCfg = Release|Any CPU
		{DB39DEC9-0DE2-4FA5-A242-4D54854B22AF}.Release|x64.Build.0 = Release|Any CPU
		{DB39DEC9-0DE2-4FA5-A242-4D54854B22AF}.Release|x86.ActiveCfg = Release|Any CPU
		{DB39DEC9-0DE2-4FA5-A242-4D54854B22AF}.Release|x86.Build.0 = Release|Any CPU
	EndGlobalSection
	GlobalSection(SolutionProperties) = preSolution
		HideSolutionNode = FALSE
	EndGlobalSection
	GlobalSection(ExtensibilityGlobals) = postSolution
		SolutionGuid = {D026EC12-0715-4F74-BAF9-9816CFDCB1C4}
	EndGlobalSection
EndGlobal
